{
    "_readme": [
        "This file locks the dependencies of your project to a known state",
        "Read more about it at https://getcomposer.org/doc/01-basic-usage.md#installing-dependencies",
        "This file is @generated automatically"
    ],
    "content-hash": "765733d62270197d9b2a99f6cb2769c8",
    "packages": [
        {
            "name": "webbmaffian/orm",
            "version": "v2.0.0",
            "source": {
                "type": "git",
                "url": "https://github.com/webbmaffian/orm.git",
                "reference": "59f760817e444d72db3fd3f4f878c86a677f6aae"
            },
            "dist": {
                "type": "zip",
                "url": "https://api.github.com/repos/webbmaffian/orm/zipball/59f760817e444d72db3fd3f4f878c86a677f6aae",
                "reference": "59f760817e444d72db3fd3f4f878c86a677f6aae",
                "shasum": ""
            },
            "require": {
                "ext-mysqli": "*",
                "php": "^7.3||^8.0"
            },
            "type": "library",
            "autoload": {
                "psr-4": {
                    "Webbmaffian\\ORM\\": "src/"
                }
            },
            "license": [
                "proprietary"
            ],
            "authors": [
                {
                    "name": "Mattias Forsman",
                    "email": "mattias@webbmaffian.se"
                },
                {
                    "name": "Ivar Johansson",
                    "email": "ivar@webbmaffian.se"
                }
            ],
            "support": {
                "source": "https://github.com/webbmaffian/orm/tree/v2.0.0",
                "issues": "https://github.com/webbmaffian/orm/issues"
            },
            "time": "2023-04-24T06:37:24+00:00"
        }
    ],
    "packages-dev": [],
    "aliases": [],
    "minimum-stability": "stable",
    "stability-flags": [],
    "prefer-stable": false,
    "prefer-lowest": false,
    "platform": {
        "php": "^7.3||^8.0",
        "ext-mysqli": "*"
    },
    "platform-dev": [],
    "plugin-api-version": "2.3.0"
}
